
Microsoft Visual Studio Solution File, Format Version 12.00
# Visual Studio Version 16
VisualStudioVersion = 16.0.29519.181
MinimumVisualStudioVersion = 10.0.40219.1
Project("{FAE04EC0-301F-11D3-BF4B-00C04F79EFBC}") = "PrismDemo", "PrismDemo\PrismDemo.csproj", "{00FC8896-3ED0-4125-BC8C-9C91718A4BA6}"
EndProject
Project("{FAE04EC0-301F-11D3-BF4B-00C04F79EFBC}") = "PrismDemo.Infrastructure", "PrismDemo.Infrastructure\PrismDemo.Infrastructure.csproj", "{27FD60CB-663F-4F5F-97E1-9326B115E485}"
EndProject
Project("{FAE04EC0-301F-11D3-BF4B-00C04F79EFBC}") = "ModuleA", "ModuleA\ModuleA.csproj", "{F624CF88-86F9-4C8D-8592-CA49392B38B3}"
EndProject
Global
	GlobalSection(SolutionConfigurationPlatforms) = preSolution
		Debug|Any CPU = Debug|Any CPU
		Release|Any CPU = Release|Any CPU
	EndGlobalSection
	GlobalSection(ProjectConfigurationPlatforms) = postSolution
		{00FC8896-3ED0-4125-BC8C-9C91718A4BA6}.Debug|Any CPU.ActiveCfg = Debug|Any CPU
		{00FC8896-3ED0-4125-BC8C-9C91718A4BA6}.Debug|Any CPU.Build.0 = Debug|Any CPU
		{00FC8896-3ED0-4125-BC8C-9C91718A4BA6}.Release|Any CPU.ActiveCfg = Release|Any CPU
		{00FC8896-3ED0-4125-BC8C-9C91718A4BA6}.Release|Any CPU.Build.0 = Release|Any CPU
		{27FD60CB-663F-4F5F-97E1-9326B115E485}.Debug|Any CPU.ActiveCfg = Debug|Any CPU
		{27FD60CB-663F-4F5F-97E1-9326B115E485}.Debug|Any CPU.Build.0 = Debug|Any CPU
		{27FD60CB-663F-4F5F-97E1-9326B115E485}.Release|Any CPU.ActiveCfg = Release|Any CPU
		{27FD60CB-663F-4F5F-97E1-9326B115E485}.Release|Any CPU.Build.0 = Release|Any CPU
		{F624CF88-86F9-4C8D-8592-CA49392B38B3}.Debug|Any CPU.ActiveCfg = Debug|Any CPU
		{F624CF88-86F9-4C8D-8592-CA49392B38B3}.Debug|Any CPU.Build.0 = Debug|Any CPU
		{F624CF88-86F9-4C8D-8592-CA49392B38B3}.Release|Any CPU.ActiveCfg = Release|Any CPU
		{F624CF88-86F9-4C8D-8592-CA49392B38B3}.Release|Any CPU.Build.0 = Release|Any CPU
	EndGlobalSection
	GlobalSection(SolutionProperties) = preSolution
		HideSolutionNode = FALSE
	EndGlobalSection
	GlobalSection(ExtensibilityGlobals) = postSolution
		SolutionGuid = {ECDE2774-3C1F-4016-97B8-EBEE4FD34FA4}
	EndGlobalSection
EndGlobal
