
Microsoft Visual Studio Solution File, Format Version 12.00
# Visual Studio Version 16
VisualStudioVersion = 16.0.29519.181
MinimumVisualStudioVersion = 10.0.40219.1
Project("{FAE04EC0-301F-11D3-BF4B-00C04F79EFBC}") = "PrismDemo", "PrismDemo\PrismDemo.csproj", "{F3F0BBE8-97B1-4539-81C5-3AC8AD16AE58}"
EndProject
Project("{FAE04EC0-301F-11D3-BF4B-00C04F79EFBC}") = "PrismDemo.Infrastructure", "PrismDemo.Infrastructure\PrismDemo.Infrastructure.csproj", "{FB31938F-7A45-43C4-943D-5B54C11AE451}"
EndProject
Project("{FAE04EC0-301F-11D3-BF4B-00C04F79EFBC}") = "ModuleA", "ModuleA\ModuleA.csproj", "{EBB7F6D2-BF58-413C-8453-A9FB5FBB170F}"
EndProject
Global
	GlobalSection(SolutionConfigurationPlatforms) = preSolution
		Debug|Any CPU = Debug|Any CPU
		Release|Any CPU = Release|Any CPU
	EndGlobalSection
	GlobalSection(ProjectConfigurationPlatforms) = postSolution
		{F3F0BBE8-97B1-4539-81C5-3AC8AD16AE58}.Debug|Any CPU.ActiveCfg = Debug|Any CPU
		{F3F0BBE8-97B1-4539-81C5-3AC8AD16AE58}.Debug|Any CPU.Build.0 = Debug|Any CPU
		{F3F0BBE8-97B1-4539-81C5-3AC8AD16AE58}.Release|Any CPU.ActiveCfg = Release|Any CPU
		{F3F0BBE8-97B1-4539-81C5-3AC8AD16AE58}.Release|Any CPU.Build.0 = Release|Any CPU
		{FB31938F-7A45-43C4-943D-5B54C11AE451}.Debug|Any CPU.ActiveCfg = Debug|Any CPU
		{FB31938F-7A45-43C4-943D-5B54C11AE451}.Debug|Any CPU.Build.0 = Debug|Any CPU
		{FB31938F-7A45-43C4-943D-5B54C11AE451}.Release|Any CPU.ActiveCfg = Release|Any CPU
		{FB31938F-7A45-43C4-943D-5B54C11AE451}.Release|Any CPU.Build.0 = Release|Any CPU
		{EBB7F6D2-BF58-413C-8453-A9FB5FBB170F}.Debug|Any CPU.ActiveCfg = Debug|Any CPU
		{EBB7F6D2-BF58-413C-8453-A9FB5FBB170F}.Debug|Any CPU.Build.0 = Debug|Any CPU
		{EBB7F6D2-BF58-413C-8453-A9FB5FBB170F}.Release|Any CPU.ActiveCfg = Release|Any CPU
		{EBB7F6D2-BF58-413C-8453-A9FB5FBB170F}.Release|Any CPU.Build.0 = Release|Any CPU
	EndGlobalSection
	GlobalSection(SolutionProperties) = preSolution
		HideSolutionNode = FALSE
	EndGlobalSection
	GlobalSection(ExtensibilityGlobals) = postSolution
		SolutionGuid = {8A8CE7D6-7210-488F-BBA9-CE96EC866176}
	EndGlobalSection
EndGlobal
