
Microsoft Visual Studio Solution File, Format Version 12.00
# Visual Studio Version 16
VisualStudioVersion = 16.0.29519.181
MinimumVisualStudioVersion = 10.0.40219.1
Project("{FAE04EC0-301F-11D3-BF4B-00C04F79EFBC}") = "PrismDemo", "PrismDemo\PrismDemo.csproj", "{3BA2EAF7-FDD9-463B-861A-B8BFFA45F1B4}"
EndProject
Project("{FAE04EC0-301F-11D3-BF4B-00C04F79EFBC}") = "PrismDemo.Infrastructure", "PrismDemo.Infrastructure\PrismDemo.Infrastructure.csproj", "{494020B5-DA89-4D88-A63C-A1DF0D27C242}"
EndProject
Project("{FAE04EC0-301F-11D3-BF4B-00C04F79EFBC}") = "ModuleA", "ModuleA\ModuleA.csproj", "{AF1100E2-4EBC-49DA-8BA9-A1F68F5D6490}"
EndProject
Global
	GlobalSection(SolutionConfigurationPlatforms) = preSolution
		Debug|Any CPU = Debug|Any CPU
		Release|Any CPU = Release|Any CPU
	EndGlobalSection
	GlobalSection(ProjectConfigurationPlatforms) = postSolution
		{3BA2EAF7-FDD9-463B-861A-B8BFFA45F1B4}.Debug|Any CPU.ActiveCfg = Debug|Any CPU
		{3BA2EAF7-FDD9-463B-861A-B8BFFA45F1B4}.Debug|Any CPU.Build.0 = Debug|Any CPU
		{3BA2EAF7-FDD9-463B-861A-B8BFFA45F1B4}.Release|Any CPU.ActiveCfg = Release|Any CPU
		{3BA2EAF7-FDD9-463B-861A-B8BFFA45F1B4}.Release|Any CPU.Build.0 = Release|Any CPU
		{494020B5-DA89-4D88-A63C-A1DF0D27C242}.Debug|Any CPU.ActiveCfg = Debug|Any CPU
		{494020B5-DA89-4D88-A63C-A1DF0D27C242}.Debug|Any CPU.Build.0 = Debug|Any CPU
		{494020B5-DA89-4D88-A63C-A1DF0D27C242}.Release|Any CPU.ActiveCfg = Release|Any CPU
		{494020B5-DA89-4D88-A63C-A1DF0D27C242}.Release|Any CPU.Build.0 = Release|Any CPU
		{AF1100E2-4EBC-49DA-8BA9-A1F68F5D6490}.Debug|Any CPU.ActiveCfg = Debug|Any CPU
		{AF1100E2-4EBC-49DA-8BA9-A1F68F5D6490}.Debug|Any CPU.Build.0 = Debug|Any CPU
		{AF1100E2-4EBC-49DA-8BA9-A1F68F5D6490}.Release|Any CPU.ActiveCfg = Release|Any CPU
		{AF1100E2-4EBC-49DA-8BA9-A1F68F5D6490}.Release|Any CPU.Build.0 = Release|Any CPU
	EndGlobalSection
	GlobalSection(SolutionProperties) = preSolution
		HideSolutionNode = FALSE
	EndGlobalSection
	GlobalSection(ExtensibilityGlobals) = postSolution
		SolutionGuid = {713A17D3-05FC-4DA0-8911-26DABAC66C2A}
	EndGlobalSection
EndGlobal
