
Microsoft Visual Studio Solution File, Format Version 12.00
# Visual Studio Version 16
VisualStudioVersion = 16.0.29418.71
MinimumVisualStudioVersion = 10.0.40219.1
Project("{FAE04EC0-301F-11D3-BF4B-00C04F79EFBC}") = "WiredBrainCoffee.CustomersApp.Wpf", "WiredBrainCoffee.CustomersApp.Wpf\WiredBrainCoffee.CustomersApp.Wpf.csproj", "{8BF65236-57E5-4DB5-98B2-3B1CD42C427B}"
EndProject
Project("{FAE04EC0-301F-11D3-BF4B-00C04F79EFBC}") = "WiredBrainCoffee.Controls", "WiredBrainCoffee.Controls\WiredBrainCoffee.Controls.csproj", "{F3D18C3B-0565-4999-B668-BB20A5DB524C}"
EndProject
Global
	GlobalSection(SolutionConfigurationPlatforms) = preSolution
		Debug|Any CPU = Debug|Any CPU
		Release|Any CPU = Release|Any CPU
	EndGlobalSection
	GlobalSection(ProjectConfigurationPlatforms) = postSolution
		{8BF65236-57E5-4DB5-98B2-3B1CD42C427B}.Debug|Any CPU.ActiveCfg = Debug|Any CPU
		{8BF65236-57E5-4DB5-98B2-3B1CD42C427B}.Debug|Any CPU.Build.0 = Debug|Any CPU
		{8BF65236-57E5-4DB5-98B2-3B1CD42C427B}.Release|Any CPU.ActiveCfg = Release|Any CPU
		{8BF65236-57E5-4DB5-98B2-3B1CD42C427B}.Release|Any CPU.Build.0 = Release|Any CPU
		{F3D18C3B-0565-4999-B668-BB20A5DB524C}.Debug|Any CPU.ActiveCfg = Debug|Any CPU
		{F3D18C3B-0565-4999-B668-BB20A5DB524C}.Debug|Any CPU.Build.0 = Debug|Any CPU
		{F3D18C3B-0565-4999-B668-BB20A5DB524C}.Release|Any CPU.ActiveCfg = Release|Any CPU
		{F3D18C3B-0565-4999-B668-BB20A5DB524C}.Release|Any CPU.Build.0 = Release|Any CPU
	EndGlobalSection
	GlobalSection(SolutionProperties) = preSolution
		HideSolutionNode = FALSE
	EndGlobalSection
	GlobalSection(ExtensibilityGlobals) = postSolution
		SolutionGuid = {BA60FA51-754F-4568-B59C-1EE58C0430F1}
	EndGlobalSection
EndGlobal
