
Microsoft Visual Studio Solution File, Format Version 12.00
# Visual Studio Version 16
VisualStudioVersion = 16.0.30002.166
MinimumVisualStudioVersion = 10.0.40219.1
Project("{FAE04EC0-301F-11D3-BF4B-00C04F79EFBC}") = "Todo", "Todo\Todo.csproj", "{A6FCFA23-03C6-4208-AABE-36A14C000142}"
EndProject
Global
	GlobalSection(SolutionConfigurationPlatforms) = preSolution
		Debug|Any CPU = Debug|Any CPU
		Release|Any CPU = Release|Any CPU
	EndGlobalSection
	GlobalSection(ProjectConfigurationPlatforms) = postSolution
		{A6FCFA23-03C6-4208-AABE-36A14C000142}.Debug|Any CPU.ActiveCfg = Debug|Any CPU
		{A6FCFA23-03C6-4208-AABE-36A14C000142}.Debug|Any CPU.Build.0 = Debug|Any CPU
		{A6FCFA23-03C6-4208-AABE-36A14C000142}.Release|Any CPU.ActiveCfg = Release|Any CPU
		{A6FCFA23-03C6-4208-AABE-36A14C000142}.Release|Any CPU.Build.0 = Release|Any CPU
	EndGlobalSection
	GlobalSection(SolutionProperties) = preSolution
		HideSolutionNode = FALSE
	EndGlobalSection
	GlobalSection(ExtensibilityGlobals) = postSolution
		SolutionGuid = {2FB351BD-4EC9-4C6D-8941-BA57C8FE8172}
	EndGlobalSection
EndGlobal
