
Microsoft Visual Studio Solution File, Format Version 12.00
# Visual Studio Version 16
VisualStudioVersion = 16.0.29519.181
MinimumVisualStudioVersion = 10.0.40219.1
Project("{9A19103F-16F7-4668-BE54-9A1E7A4F7556}") = "PrismDemo", "PrismDemo\PrismDemo.csproj", "{64F52414-DDDB-42F6-BE04-2AF23ABD1A77}"
EndProject
Project("{FAE04EC0-301F-11D3-BF4B-00C04F79EFBC}") = "PrismDemo.Infrastructure", "PrismDemo.Infrastructure\PrismDemo.Infrastructure.csproj", "{4578B8AE-BAED-4D73-8BD3-AD7916E9816E}"
EndProject
Project("{FAE04EC0-301F-11D3-BF4B-00C04F79EFBC}") = "ModuleA", "ModuleA\ModuleA.csproj", "{419B6C01-DE77-4935-8B66-A6819047883C}"
EndProject
Global
	GlobalSection(SolutionConfigurationPlatforms) = preSolution
		Debug|Any CPU = Debug|Any CPU
		Release|Any CPU = Release|Any CPU
	EndGlobalSection
	GlobalSection(ProjectConfigurationPlatforms) = postSolution
		{64F52414-DDDB-42F6-BE04-2AF23ABD1A77}.Debug|Any CPU.ActiveCfg = Debug|Any CPU
		{64F52414-DDDB-42F6-BE04-2AF23ABD1A77}.Debug|Any CPU.Build.0 = Debug|Any CPU
		{64F52414-DDDB-42F6-BE04-2AF23ABD1A77}.Release|Any CPU.ActiveCfg = Release|Any CPU
		{64F52414-DDDB-42F6-BE04-2AF23ABD1A77}.Release|Any CPU.Build.0 = Release|Any CPU
		{4578B8AE-BAED-4D73-8BD3-AD7916E9816E}.Debug|Any CPU.ActiveCfg = Debug|Any CPU
		{4578B8AE-BAED-4D73-8BD3-AD7916E9816E}.Debug|Any CPU.Build.0 = Debug|Any CPU
		{4578B8AE-BAED-4D73-8BD3-AD7916E9816E}.Release|Any CPU.ActiveCfg = Release|Any CPU
		{4578B8AE-BAED-4D73-8BD3-AD7916E9816E}.Release|Any CPU.Build.0 = Release|Any CPU
		{419B6C01-DE77-4935-8B66-A6819047883C}.Debug|Any CPU.ActiveCfg = Debug|Any CPU
		{419B6C01-DE77-4935-8B66-A6819047883C}.Debug|Any CPU.Build.0 = Debug|Any CPU
		{419B6C01-DE77-4935-8B66-A6819047883C}.Release|Any CPU.ActiveCfg = Release|Any CPU
		{419B6C01-DE77-4935-8B66-A6819047883C}.Release|Any CPU.Build.0 = Release|Any CPU
	EndGlobalSection
	GlobalSection(SolutionProperties) = preSolution
		HideSolutionNode = FALSE
	EndGlobalSection
	GlobalSection(ExtensibilityGlobals) = postSolution
		SolutionGuid = {BBAAC76C-07F1-4A17-B25E-401C5C26A224}
	EndGlobalSection
EndGlobal
