
Microsoft Visual Studio Solution File, Format Version 12.00
# Visual Studio Version 16
VisualStudioVersion = 16.0.29519.181
MinimumVisualStudioVersion = 10.0.40219.1
Project("{9A19103F-16F7-4668-BE54-9A1E7A4F7556}") = "PrismDemo", "PrismDemo\PrismDemo.csproj", "{A3EA1C94-42D7-4C14-8FCF-451CA31E7CEF}"
EndProject
Project("{FAE04EC0-301F-11D3-BF4B-00C04F79EFBC}") = "PrismDemo.Infrastructure", "PrismDemo.Infrastructure\PrismDemo.Infrastructure.csproj", "{0FDBA4DF-E322-42C5-BF67-57CD40CE458C}"
EndProject
Project("{FAE04EC0-301F-11D3-BF4B-00C04F79EFBC}") = "ModuleA", "ModuleA\ModuleA.csproj", "{9268FB9D-B9A2-41B8-8983-F777D2702111}"
EndProject
Global
	GlobalSection(SolutionConfigurationPlatforms) = preSolution
		Debug|Any CPU = Debug|Any CPU
		Release|Any CPU = Release|Any CPU
	EndGlobalSection
	GlobalSection(ProjectConfigurationPlatforms) = postSolution
		{A3EA1C94-42D7-4C14-8FCF-451CA31E7CEF}.Debug|Any CPU.ActiveCfg = Debug|Any CPU
		{A3EA1C94-42D7-4C14-8FCF-451CA31E7CEF}.Debug|Any CPU.Build.0 = Debug|Any CPU
		{A3EA1C94-42D7-4C14-8FCF-451CA31E7CEF}.Release|Any CPU.ActiveCfg = Release|Any CPU
		{A3EA1C94-42D7-4C14-8FCF-451CA31E7CEF}.Release|Any CPU.Build.0 = Release|Any CPU
		{0FDBA4DF-E322-42C5-BF67-57CD40CE458C}.Debug|Any CPU.ActiveCfg = Debug|Any CPU
		{0FDBA4DF-E322-42C5-BF67-57CD40CE458C}.Debug|Any CPU.Build.0 = Debug|Any CPU
		{0FDBA4DF-E322-42C5-BF67-57CD40CE458C}.Release|Any CPU.ActiveCfg = Release|Any CPU
		{0FDBA4DF-E322-42C5-BF67-57CD40CE458C}.Release|Any CPU.Build.0 = Release|Any CPU
		{9268FB9D-B9A2-41B8-8983-F777D2702111}.Debug|Any CPU.ActiveCfg = Debug|Any CPU
		{9268FB9D-B9A2-41B8-8983-F777D2702111}.Debug|Any CPU.Build.0 = Debug|Any CPU
		{9268FB9D-B9A2-41B8-8983-F777D2702111}.Release|Any CPU.ActiveCfg = Release|Any CPU
		{9268FB9D-B9A2-41B8-8983-F777D2702111}.Release|Any CPU.Build.0 = Release|Any CPU
	EndGlobalSection
	GlobalSection(SolutionProperties) = preSolution
		HideSolutionNode = FALSE
	EndGlobalSection
	GlobalSection(ExtensibilityGlobals) = postSolution
		SolutionGuid = {9CF2DE71-76D7-442E-8DFE-CAA272251744}
	EndGlobalSection
EndGlobal
