
Microsoft Visual Studio Solution File, Format Version 12.00
# Visual Studio Version 16
VisualStudioVersion = 16.0.29519.181
MinimumVisualStudioVersion = 10.0.40219.1
Project("{FAE04EC0-301F-11D3-BF4B-00C04F79EFBC}") = "PrismDemo", "PrismDemo\PrismDemo.csproj", "{8890ECE1-F68A-431A-817C-DB2E577C0D15}"
EndProject
Project("{FAE04EC0-301F-11D3-BF4B-00C04F79EFBC}") = "PrismDemo.Infrastructure", "PrismDemo.Infrastructure\PrismDemo.Infrastructure.csproj", "{D6B81C93-084B-4549-8F4D-BE73E8B01019}"
EndProject
Project("{FAE04EC0-301F-11D3-BF4B-00C04F79EFBC}") = "ModuleA", "ModuleA\ModuleA.csproj", "{D95177A9-5E41-4DA4-A296-DB99F4E9D2C4}"
EndProject
Global
	GlobalSection(SolutionConfigurationPlatforms) = preSolution
		Debug|Any CPU = Debug|Any CPU
		Release|Any CPU = Release|Any CPU
	EndGlobalSection
	GlobalSection(ProjectConfigurationPlatforms) = postSolution
		{8890ECE1-F68A-431A-817C-DB2E577C0D15}.Debug|Any CPU.ActiveCfg = Debug|Any CPU
		{8890ECE1-F68A-431A-817C-DB2E577C0D15}.Debug|Any CPU.Build.0 = Debug|Any CPU
		{8890ECE1-F68A-431A-817C-DB2E577C0D15}.Release|Any CPU.ActiveCfg = Release|Any CPU
		{8890ECE1-F68A-431A-817C-DB2E577C0D15}.Release|Any CPU.Build.0 = Release|Any CPU
		{D6B81C93-084B-4549-8F4D-BE73E8B01019}.Debug|Any CPU.ActiveCfg = Debug|Any CPU
		{D6B81C93-084B-4549-8F4D-BE73E8B01019}.Debug|Any CPU.Build.0 = Debug|Any CPU
		{D6B81C93-084B-4549-8F4D-BE73E8B01019}.Release|Any CPU.ActiveCfg = Release|Any CPU
		{D6B81C93-084B-4549-8F4D-BE73E8B01019}.Release|Any CPU.Build.0 = Release|Any CPU
		{D95177A9-5E41-4DA4-A296-DB99F4E9D2C4}.Debug|Any CPU.ActiveCfg = Debug|Any CPU
		{D95177A9-5E41-4DA4-A296-DB99F4E9D2C4}.Debug|Any CPU.Build.0 = Debug|Any CPU
		{D95177A9-5E41-4DA4-A296-DB99F4E9D2C4}.Release|Any CPU.ActiveCfg = Release|Any CPU
		{D95177A9-5E41-4DA4-A296-DB99F4E9D2C4}.Release|Any CPU.Build.0 = Release|Any CPU
	EndGlobalSection
	GlobalSection(SolutionProperties) = preSolution
		HideSolutionNode = FALSE
	EndGlobalSection
	GlobalSection(ExtensibilityGlobals) = postSolution
		SolutionGuid = {9760E23C-858C-447D-A578-CF2557D55699}
	EndGlobalSection
EndGlobal
