
Microsoft Visual Studio Solution File, Format Version 12.00
# Visual Studio Version 16
VisualStudioVersion = 16.0.29519.181
MinimumVisualStudioVersion = 10.0.40219.1
Project("{FAE04EC0-301F-11D3-BF4B-00C04F79EFBC}") = "PrismDemo", "PrismDemo\PrismDemo.csproj", "{5B360F27-A66B-4642-8432-52F4D9F2EF87}"
EndProject
Project("{FAE04EC0-301F-11D3-BF4B-00C04F79EFBC}") = "PrismDemo.Infrastructure", "PrismDemo.Infrastructure\PrismDemo.Infrastructure.csproj", "{F885EA46-4644-4B14-9AC7-EC0E081AB764}"
EndProject
Project("{FAE04EC0-301F-11D3-BF4B-00C04F79EFBC}") = "ModuleA", "ModuleA\ModuleA.csproj", "{DA0CFFC6-9846-425F-8F00-7450A111ED9D}"
EndProject
Global
	GlobalSection(SolutionConfigurationPlatforms) = preSolution
		Debug|Any CPU = Debug|Any CPU
		Release|Any CPU = Release|Any CPU
	EndGlobalSection
	GlobalSection(ProjectConfigurationPlatforms) = postSolution
		{5B360F27-A66B-4642-8432-52F4D9F2EF87}.Debug|Any CPU.ActiveCfg = Debug|Any CPU
		{5B360F27-A66B-4642-8432-52F4D9F2EF87}.Debug|Any CPU.Build.0 = Debug|Any CPU
		{5B360F27-A66B-4642-8432-52F4D9F2EF87}.Release|Any CPU.ActiveCfg = Release|Any CPU
		{5B360F27-A66B-4642-8432-52F4D9F2EF87}.Release|Any CPU.Build.0 = Release|Any CPU
		{F885EA46-4644-4B14-9AC7-EC0E081AB764}.Debug|Any CPU.ActiveCfg = Debug|Any CPU
		{F885EA46-4644-4B14-9AC7-EC0E081AB764}.Debug|Any CPU.Build.0 = Debug|Any CPU
		{F885EA46-4644-4B14-9AC7-EC0E081AB764}.Release|Any CPU.ActiveCfg = Release|Any CPU
		{F885EA46-4644-4B14-9AC7-EC0E081AB764}.Release|Any CPU.Build.0 = Release|Any CPU
		{DA0CFFC6-9846-425F-8F00-7450A111ED9D}.Debug|Any CPU.ActiveCfg = Debug|Any CPU
		{DA0CFFC6-9846-425F-8F00-7450A111ED9D}.Debug|Any CPU.Build.0 = Debug|Any CPU
		{DA0CFFC6-9846-425F-8F00-7450A111ED9D}.Release|Any CPU.ActiveCfg = Release|Any CPU
		{DA0CFFC6-9846-425F-8F00-7450A111ED9D}.Release|Any CPU.Build.0 = Release|Any CPU
	EndGlobalSection
	GlobalSection(SolutionProperties) = preSolution
		HideSolutionNode = FALSE
	EndGlobalSection
	GlobalSection(ExtensibilityGlobals) = postSolution
		SolutionGuid = {875A3348-36D7-457C-ADEC-C09BF72554F1}
	EndGlobalSection
EndGlobal
